
Microsoft Visual Studio Solution File, Format Version 12.00
# Visual Studio Version 16
VisualStudioVersion = 16.0.30611.23
MinimumVisualStudioVersion = 10.0.40219.1
Project("{9A19103F-16F7-4668-BE54-9A1E7A4F7556}") = "01. Action Print", "01. Action Print\01. Action Print.csproj", "{00DF9BA9-D1B4-4A22-8DE8-76E955313382}"
EndProject
Project("{9A19103F-16F7-4668-BE54-9A1E7A4F7556}") = "02. Knights of Honor", "02. Knights of Honor\02. Knights of Honor.csproj", "{2F7310FD-720C-496E-BF86-C1C9098107BB}"
EndProject
Project("{9A19103F-16F7-4668-BE54-9A1E7A4F7556}") = "03. Custom Min Function", "03. Custom Min Function\03. Custom Min Function.csproj", "{7773C0AC-86BA-4CE3-9165-7A161CB54B3F}"
EndProject
Project("{9A19103F-16F7-4668-BE54-9A1E7A4F7556}") = "04. Find Evens or Odds", "04. Find Evens or Odds\04. Find Evens or Odds.csproj", "{7A43BD4F-C192-47FF-BE98-CD970221D4BB}"
EndProject
Project("{9A19103F-16F7-4668-BE54-9A1E7A4F7556}") = "05. Applied Arithmetics", "05. Applied Arithmetics\05. Applied Arithmetics.csproj", "{C1CF8145-5949-4E6A-A20E-7205D295AC54}"
EndProject
Project("{9A19103F-16F7-4668-BE54-9A1E7A4F7556}") = "06. Reverse And Exclude", "06. Reverse And Exclude\06. Reverse And Exclude.csproj", "{0F15A8A9-3544-48A1-9792-E9C71DE33301}"
EndProject
Project("{FAE04EC0-301F-11D3-BF4B-00C04F79EFBC}") = "07. Predicate For Names", "07. Predicate For Names\07. Predicate For Names.csproj", "{008845AD-6DD9-4E33-943B-B61F87EEC83F}"
EndProject
Project("{FAE04EC0-301F-11D3-BF4B-00C04F79EFBC}") = "08. Custom Comparator", "08. Custom Comparator\08. Custom Comparator.csproj", "{56FC2FCC-79DF-4770-8A6C-F00E5376BD15}"
EndProject
Project("{FAE04EC0-301F-11D3-BF4B-00C04F79EFBC}") = "09. List Of Predicates", "09. List Of Predicates\09. List Of Predicates.csproj", "{0FB73BB9-2FFD-43C5-B938-84EC1F3746CF}"
EndProject
Project("{FAE04EC0-301F-11D3-BF4B-00C04F79EFBC}") = "10. Predicate Party!", "10. Predicate Party!\10. Predicate Party!.csproj", "{07B8A0AD-9F2D-4C42-9FC6-576E13887592}"
EndProject
Project("{FAE04EC0-301F-11D3-BF4B-00C04F79EFBC}") = "11. The Party Reservation Filter Module", "11. The Party Reservation Filter Module\11. The Party Reservation Filter Module.csproj", "{4F13E191-D0B3-4245-A88A-D55ED81FFE1A}"
EndProject
Global
	GlobalSection(SolutionConfigurationPlatforms) = preSolution
		Debug|Any CPU = Debug|Any CPU
		Release|Any CPU = Release|Any CPU
	EndGlobalSection
	GlobalSection(ProjectConfigurationPlatforms) = postSolution
		{00DF9BA9-D1B4-4A22-8DE8-76E955313382}.Debug|Any CPU.ActiveCfg = Debug|Any CPU
		{00DF9BA9-D1B4-4A22-8DE8-76E955313382}.Debug|Any CPU.Build.0 = Debug|Any CPU
		{00DF9BA9-D1B4-4A22-8DE8-76E955313382}.Release|Any CPU.ActiveCfg = Release|Any CPU
		{00DF9BA9-D1B4-4A22-8DE8-76E955313382}.Release|Any CPU.Build.0 = Release|Any CPU
		{2F7310FD-720C-496E-BF86-C1C9098107BB}.Debug|Any CPU.ActiveCfg = Debug|Any CPU
		{2F7310FD-720C-496E-BF86-C1C9098107BB}.Debug|Any CPU.Build.0 = Debug|Any CPU
		{2F7310FD-720C-496E-BF86-C1C9098107BB}.Release|Any CPU.ActiveCfg = Release|Any CPU
		{2F7310FD-720C-496E-BF86-C1C9098107BB}.Release|Any CPU.Build.0 = Release|Any CPU
		{7773C0AC-86BA-4CE3-9165-7A161CB54B3F}.Debug|Any CPU.ActiveCfg = Debug|Any CPU
		{7773C0AC-86BA-4CE3-9165-7A161CB54B3F}.Debug|Any CPU.Build.0 = Debug|Any CPU
		{7773C0AC-86BA-4CE3-9165-7A161CB54B3F}.Release|Any CPU.ActiveCfg = Release|Any CPU
		{7773C0AC-86BA-4CE3-9165-7A161CB54B3F}.Release|Any CPU.Build.0 = Release|Any CPU
		{7A43BD4F-C192-47FF-BE98-CD970221D4BB}.Debug|Any CPU.ActiveCfg = Debug|Any CPU
		{7A43BD4F-C192-47FF-BE98-CD970221D4BB}.Debug|Any CPU.Build.0 = Debug|Any CPU
		{7A43BD4F-C192-47FF-BE98-CD970221D4BB}.Release|Any CPU.ActiveCfg = Release|Any CPU
		{7A43BD4F-C192-47FF-BE98-CD970221D4BB}.Release|Any CPU.Build.0 = Release|Any CPU
		{C1CF8145-5949-4E6A-A20E-7205D295AC54}.Debug|Any CPU.ActiveCfg = Debug|Any CPU
		{C1CF8145-5949-4E6A-A20E-7205D295AC54}.Debug|Any CPU.Build.0 = Debug|Any CPU
		{C1CF8145-5949-4E6A-A20E-7205D295AC54}.Release|Any CPU.ActiveCfg = Release|Any CPU
		{C1CF8145-5949-4E6A-A20E-7205D295AC54}.Release|Any CPU.Build.0 = Release|Any CPU
		{0F15A8A9-3544-48A1-9792-E9C71DE33301}.Debug|Any CPU.ActiveCfg = Debug|Any CPU
		{0F15A8A9-3544-48A1-9792-E9C71DE33301}.Debug|Any CPU.Build.0 = Debug|Any CPU
		{0F15A8A9-3544-48A1-9792-E9C71DE33301}.Release|Any CPU.ActiveCfg = Release|Any CPU
		{0F15A8A9-3544-48A1-9792-E9C71DE33301}.Release|Any CPU.Build.0 = Release|Any CPU
		{008845AD-6DD9-4E33-943B-B61F87EEC83F}.Debug|Any CPU.ActiveCfg = Debug|Any CPU
		{008845AD-6DD9-4E33-943B-B61F87EEC83F}.Debug|Any CPU.Build.0 = Debug|Any CPU
		{008845AD-6DD9-4E33-943B-B61F87EEC83F}.Release|Any CPU.ActiveCfg = Release|Any CPU
		{008845AD-6DD9-4E33-943B-B61F87EEC83F}.Release|Any CPU.Build.0 = Release|Any CPU
		{56FC2FCC-79DF-4770-8A6C-F00E5376BD15}.Debug|Any CPU.ActiveCfg = Debug|Any CPU
		{56FC2FCC-79DF-4770-8A6C-F00E5376BD15}.Debug|Any CPU.Build.0 = Debug|Any CPU
		{56FC2FCC-79DF-4770-8A6C-F00E5376BD15}.Release|Any CPU.ActiveCfg = Release|Any CPU
		{56FC2FCC-79DF-4770-8A6C-F00E5376BD15}.Release|Any CPU.Build.0 = Release|Any CPU
		{0FB73BB9-2FFD-43C5-B938-84EC1F3746CF}.Debug|Any CPU.ActiveCfg = Debug|Any CPU
		{0FB73BB9-2FFD-43C5-B938-84EC1F3746CF}.Debug|Any CPU.Build.0 = Debug|Any CPU
		{0FB73BB9-2FFD-43C5-B938-84EC1F3746CF}.Release|Any CPU.ActiveCfg = Release|Any CPU
		{0FB73BB9-2FFD-43C5-B938-84EC1F3746CF}.Release|Any CPU.Build.0 = Release|Any CPU
		{07B8A0AD-9F2D-4C42-9FC6-576E13887592}.Debug|Any CPU.ActiveCfg = Debug|Any CPU
		{07B8A0AD-9F2D-4C42-9FC6-576E13887592}.Debug|Any CPU.Build.0 = Debug|Any CPU
		{07B8A0AD-9F2D-4C42-9FC6-576E13887592}.Release|Any CPU.ActiveCfg = Release|Any CPU
		{07B8A0AD-9F2D-4C42-9FC6-576E13887592}.Release|Any CPU.Build.0 = Release|Any CPU
		{4F13E191-D0B3-4245-A88A-D55ED81FFE1A}.Debug|Any CPU.ActiveCfg = Debug|Any CPU
		{4F13E191-D0B3-4245-A88A-D55ED81FFE1A}.Debug|Any CPU.Build.0 = Debug|Any CPU
		{4F13E191-D0B3-4245-A88A-D55ED81FFE1A}.Release|Any CPU.ActiveCfg = Release|Any CPU
		{4F13E191-D0B3-4245-A88A-D55ED81FFE1A}.Release|Any CPU.Build.0 = Release|Any CPU
	EndGlobalSection
	GlobalSection(SolutionProperties) = preSolution
		HideSolutionNode = FALSE
	EndGlobalSection
	GlobalSection(ExtensibilityGlobals) = postSolution
		SolutionGuid = {440C8C1F-D14E-4F3E-9D77-CCC04DD84B99}
	EndGlobalSection
EndGlobal
