
Microsoft Visual Studio Solution File, Format Version 12.00
# Visual Studio Version 16
VisualStudioVersion = 16.0.30907.101
MinimumVisualStudioVersion = 10.0.40219.1
Project("{FAE04EC0-301F-11D3-BF4B-00C04F79EFBC}") = "01.DatingApp", "01.DatingApp\01.DatingApp.csproj", "{F309BA9A-F160-46C0-B6C3-D9E11C7AD0E3}"
EndProject
Project("{FAE04EC0-301F-11D3-BF4B-00C04F79EFBC}") = "02.BookWorm", "02.BookWorm\02.BookWorm.csproj", "{4F94545C-67D8-498A-84E2-890FBD5C7365}"
EndProject
Global
	GlobalSection(SolutionConfigurationPlatforms) = preSolution
		Debug|Any CPU = Debug|Any CPU
		Release|Any CPU = Release|Any CPU
	EndGlobalSection
	GlobalSection(ProjectConfigurationPlatforms) = postSolution
		{F309BA9A-F160-46C0-B6C3-D9E11C7AD0E3}.Debug|Any CPU.ActiveCfg = Debug|Any CPU
		{F309BA9A-F160-46C0-B6C3-D9E11C7AD0E3}.Debug|Any CPU.Build.0 = Debug|Any CPU
		{F309BA9A-F160-46C0-B6C3-D9E11C7AD0E3}.Release|Any CPU.ActiveCfg = Release|Any CPU
		{F309BA9A-F160-46C0-B6C3-D9E11C7AD0E3}.Release|Any CPU.Build.0 = Release|Any CPU
		{4F94545C-67D8-498A-84E2-890FBD5C7365}.Debug|Any CPU.ActiveCfg = Debug|Any CPU
		{4F94545C-67D8-498A-84E2-890FBD5C7365}.Debug|Any CPU.Build.0 = Debug|Any CPU
		{4F94545C-67D8-498A-84E2-890FBD5C7365}.Release|Any CPU.ActiveCfg = Release|Any CPU
		{4F94545C-67D8-498A-84E2-890FBD5C7365}.Release|Any CPU.Build.0 = Release|Any CPU
	EndGlobalSection
	GlobalSection(SolutionProperties) = preSolution
		HideSolutionNode = FALSE
	EndGlobalSection
	GlobalSection(ExtensibilityGlobals) = postSolution
		SolutionGuid = {D1BF2CEC-E7E3-4E8D-9009-E6587AE24693}
	EndGlobalSection
EndGlobal
