
Microsoft Visual Studio Solution File, Format Version 12.00
# Visual Studio Version 16
VisualStudioVersion = 16.0.30907.101
MinimumVisualStudioVersion = 10.0.40219.1
Project("{FAE04EC0-301F-11D3-BF4B-00C04F79EFBC}") = "01.Socks", "01.Socks\01.Socks.csproj", "{EBE0C147-E7DA-417C-8B55-3BC0910BAFC9}"
EndProject
Project("{FAE04EC0-301F-11D3-BF4B-00C04F79EFBC}") = "02.ExelFunction", "02.ExelFunction\02.ExelFunction.csproj", "{67103E7D-8E3A-4B6E-8ABB-26A0DC113672}"
EndProject
Global
	GlobalSection(SolutionConfigurationPlatforms) = preSolution
		Debug|Any CPU = Debug|Any CPU
		Release|Any CPU = Release|Any CPU
	EndGlobalSection
	GlobalSection(ProjectConfigurationPlatforms) = postSolution
		{EBE0C147-E7DA-417C-8B55-3BC0910BAFC9}.Debug|Any CPU.ActiveCfg = Debug|Any CPU
		{EBE0C147-E7DA-417C-8B55-3BC0910BAFC9}.Debug|Any CPU.Build.0 = Debug|Any CPU
		{EBE0C147-E7DA-417C-8B55-3BC0910BAFC9}.Release|Any CPU.ActiveCfg = Release|Any CPU
		{EBE0C147-E7DA-417C-8B55-3BC0910BAFC9}.Release|Any CPU.Build.0 = Release|Any CPU
		{67103E7D-8E3A-4B6E-8ABB-26A0DC113672}.Debug|Any CPU.ActiveCfg = Debug|Any CPU
		{67103E7D-8E3A-4B6E-8ABB-26A0DC113672}.Debug|Any CPU.Build.0 = Debug|Any CPU
		{67103E7D-8E3A-4B6E-8ABB-26A0DC113672}.Release|Any CPU.ActiveCfg = Release|Any CPU
		{67103E7D-8E3A-4B6E-8ABB-26A0DC113672}.Release|Any CPU.Build.0 = Release|Any CPU
	EndGlobalSection
	GlobalSection(SolutionProperties) = preSolution
		HideSolutionNode = FALSE
	EndGlobalSection
	GlobalSection(ExtensibilityGlobals) = postSolution
		SolutionGuid = {526F8F16-6787-44E8-ACAC-B2A971C61951}
	EndGlobalSection
EndGlobal
