
Microsoft Visual Studio Solution File, Format Version 12.00
# Visual Studio Version 16
VisualStudioVersion = 16.0.30717.126
MinimumVisualStudioVersion = 10.0.40219.1
Project("{FAE04EC0-301F-11D3-BF4B-00C04F79EFBC}") = "CustomDoublyLinkedList", "CustomDoublyLinkedList\CustomDoublyLinkedList.csproj", "{D841A8B1-CE5E-4BAB-9AAF-0382196E482D}"
EndProject
Global
	GlobalSection(SolutionConfigurationPlatforms) = preSolution
		Debug|Any CPU = Debug|Any CPU
		Release|Any CPU = Release|Any CPU
	EndGlobalSection
	GlobalSection(ProjectConfigurationPlatforms) = postSolution
		{D841A8B1-CE5E-4BAB-9AAF-0382196E482D}.Debug|Any CPU.ActiveCfg = Debug|Any CPU
		{D841A8B1-CE5E-4BAB-9AAF-0382196E482D}.Debug|Any CPU.Build.0 = Debug|Any CPU
		{D841A8B1-CE5E-4BAB-9AAF-0382196E482D}.Release|Any CPU.ActiveCfg = Release|Any CPU
		{D841A8B1-CE5E-4BAB-9AAF-0382196E482D}.Release|Any CPU.Build.0 = Release|Any CPU
	EndGlobalSection
	GlobalSection(SolutionProperties) = preSolution
		HideSolutionNode = FALSE
	EndGlobalSection
	GlobalSection(ExtensibilityGlobals) = postSolution
		SolutionGuid = {C9F2AC88-FFAE-4E05-8600-6337E6599937}
	EndGlobalSection
EndGlobal
