
Microsoft Visual Studio Solution File, Format Version 12.00
# Visual Studio Version 16
VisualStudioVersion = 16.0.30717.126
MinimumVisualStudioVersion = 10.0.40219.1
Project("{FAE04EC0-301F-11D3-BF4B-00C04F79EFBC}") = "LoggerExercise", "Logger\LoggerExercise.csproj", "{997902C3-7B6B-46EC-915C-5E96479C7386}"
EndProject
Global
	GlobalSection(SolutionConfigurationPlatforms) = preSolution
		Debug|Any CPU = Debug|Any CPU
		Release|Any CPU = Release|Any CPU
	EndGlobalSection
	GlobalSection(ProjectConfigurationPlatforms) = postSolution
		{997902C3-7B6B-46EC-915C-5E96479C7386}.Debug|Any CPU.ActiveCfg = Debug|Any CPU
		{997902C3-7B6B-46EC-915C-5E96479C7386}.Debug|Any CPU.Build.0 = Debug|Any CPU
		{997902C3-7B6B-46EC-915C-5E96479C7386}.Release|Any CPU.ActiveCfg = Release|Any CPU
		{997902C3-7B6B-46EC-915C-5E96479C7386}.Release|Any CPU.Build.0 = Release|Any CPU
	EndGlobalSection
	GlobalSection(SolutionProperties) = preSolution
		HideSolutionNode = FALSE
	EndGlobalSection
	GlobalSection(ExtensibilityGlobals) = postSolution
		SolutionGuid = {6D0CC89E-C037-4FDC-8AAA-FBFBFCAC2631}
	EndGlobalSection
EndGlobal
