
Microsoft Visual Studio Solution File, Format Version 12.00
# Visual Studio Version 16
VisualStudioVersion = 16.0.30907.101
MinimumVisualStudioVersion = 10.0.40219.1
Project("{9A19103F-16F7-4668-BE54-9A1E7A4F7556}") = "01.Spaceship", "01.Spaceship\01.Spaceship.csproj", "{EBD79214-E3EE-40FE-A424-1EB71829A5C8}"
EndProject
Project("{FAE04EC0-301F-11D3-BF4B-00C04F79EFBC}") = "02.SpaceStationEstablished", "02.SpaceStationEstablished\02.SpaceStationEstablished.csproj", "{D0476E84-90DF-426D-BF0B-723194709E21}"
EndProject
Global
	GlobalSection(SolutionConfigurationPlatforms) = preSolution
		Debug|Any CPU = Debug|Any CPU
		Release|Any CPU = Release|Any CPU
	EndGlobalSection
	GlobalSection(ProjectConfigurationPlatforms) = postSolution
		{EBD79214-E3EE-40FE-A424-1EB71829A5C8}.Debug|Any CPU.ActiveCfg = Debug|Any CPU
		{EBD79214-E3EE-40FE-A424-1EB71829A5C8}.Debug|Any CPU.Build.0 = Debug|Any CPU
		{EBD79214-E3EE-40FE-A424-1EB71829A5C8}.Release|Any CPU.ActiveCfg = Release|Any CPU
		{EBD79214-E3EE-40FE-A424-1EB71829A5C8}.Release|Any CPU.Build.0 = Release|Any CPU
		{D0476E84-90DF-426D-BF0B-723194709E21}.Debug|Any CPU.ActiveCfg = Debug|Any CPU
		{D0476E84-90DF-426D-BF0B-723194709E21}.Debug|Any CPU.Build.0 = Debug|Any CPU
		{D0476E84-90DF-426D-BF0B-723194709E21}.Release|Any CPU.ActiveCfg = Release|Any CPU
		{D0476E84-90DF-426D-BF0B-723194709E21}.Release|Any CPU.Build.0 = Release|Any CPU
	EndGlobalSection
	GlobalSection(SolutionProperties) = preSolution
		HideSolutionNode = FALSE
	EndGlobalSection
	GlobalSection(ExtensibilityGlobals) = postSolution
		SolutionGuid = {357F2126-1683-4C05-AE4A-6C86779070C9}
	EndGlobalSection
EndGlobal
