
Microsoft Visual Studio Solution File, Format Version 12.00
# Visual Studio Version 16
VisualStudioVersion = 16.0.30907.101
MinimumVisualStudioVersion = 10.0.40219.1
Project("{FAE04EC0-301F-11D3-BF4B-00C04F79EFBC}") = "01.ClubParty", "01.ClubParty\01.ClubParty.csproj", "{9086CC8E-AE85-46E1-96B0-7F71FC6B0AAD}"
EndProject
Project("{FAE04EC0-301F-11D3-BF4B-00C04F79EFBC}") = "02.TronRacers", "02.TronRacers\02.TronRacers.csproj", "{4DC7882E-F137-4B51-82A6-5ED6DB340C37}"
EndProject
Global
	GlobalSection(SolutionConfigurationPlatforms) = preSolution
		Debug|Any CPU = Debug|Any CPU
		Release|Any CPU = Release|Any CPU
	EndGlobalSection
	GlobalSection(ProjectConfigurationPlatforms) = postSolution
		{9086CC8E-AE85-46E1-96B0-7F71FC6B0AAD}.Debug|Any CPU.ActiveCfg = Debug|Any CPU
		{9086CC8E-AE85-46E1-96B0-7F71FC6B0AAD}.Debug|Any CPU.Build.0 = Debug|Any CPU
		{9086CC8E-AE85-46E1-96B0-7F71FC6B0AAD}.Release|Any CPU.ActiveCfg = Release|Any CPU
		{9086CC8E-AE85-46E1-96B0-7F71FC6B0AAD}.Release|Any CPU.Build.0 = Release|Any CPU
		{4DC7882E-F137-4B51-82A6-5ED6DB340C37}.Debug|Any CPU.ActiveCfg = Debug|Any CPU
		{4DC7882E-F137-4B51-82A6-5ED6DB340C37}.Debug|Any CPU.Build.0 = Debug|Any CPU
		{4DC7882E-F137-4B51-82A6-5ED6DB340C37}.Release|Any CPU.ActiveCfg = Release|Any CPU
		{4DC7882E-F137-4B51-82A6-5ED6DB340C37}.Release|Any CPU.Build.0 = Release|Any CPU
	EndGlobalSection
	GlobalSection(SolutionProperties) = preSolution
		HideSolutionNode = FALSE
	EndGlobalSection
	GlobalSection(ExtensibilityGlobals) = postSolution
		SolutionGuid = {0B0814AC-A899-4F9B-958F-8BC3729451B2}
	EndGlobalSection
EndGlobal
