
Microsoft Visual Studio Solution File, Format Version 12.00
# Visual Studio Version 16
VisualStudioVersion = 16.0.30717.126
MinimumVisualStudioVersion = 10.0.40219.1
Project("{FAE04EC0-301F-11D3-BF4B-00C04F79EFBC}") = "01.Single Inheritance", "01.Single Inheritance\01.Single Inheritance.csproj", "{2DD7198F-FA87-4F71-B5DC-9D1064736A2C}"
EndProject
Project("{FAE04EC0-301F-11D3-BF4B-00C04F79EFBC}") = "02. Multiple Inheritance", "02. Multiple Inheritance\02. Multiple Inheritance.csproj", "{CC48D78C-5414-4B20-9454-2382828D3D79}"
EndProject
Project("{FAE04EC0-301F-11D3-BF4B-00C04F79EFBC}") = "Farm", "03. Hierarchical Inheritance\Farm\Farm.csproj", "{F8535235-8425-4A31-883B-78D65A3197BB}"
EndProject
Project("{FAE04EC0-301F-11D3-BF4B-00C04F79EFBC}") = "04.Random List", "04.Random List\04.Random List.csproj", "{FC3905AC-A857-4D6C-B2D1-CB2B09AE948A}"
EndProject
Project("{FAE04EC0-301F-11D3-BF4B-00C04F79EFBC}") = "05.Stack of Strings", "05.Stack of Strings\05.Stack of Strings.csproj", "{896CC7DB-67DC-41C4-A94E-EA452A1016DB}"
EndProject
Global
	GlobalSection(SolutionConfigurationPlatforms) = preSolution
		Debug|Any CPU = Debug|Any CPU
		Release|Any CPU = Release|Any CPU
	EndGlobalSection
	GlobalSection(ProjectConfigurationPlatforms) = postSolution
		{2DD7198F-FA87-4F71-B5DC-9D1064736A2C}.Debug|Any CPU.ActiveCfg = Debug|Any CPU
		{2DD7198F-FA87-4F71-B5DC-9D1064736A2C}.Debug|Any CPU.Build.0 = Debug|Any CPU
		{2DD7198F-FA87-4F71-B5DC-9D1064736A2C}.Release|Any CPU.ActiveCfg = Release|Any CPU
		{2DD7198F-FA87-4F71-B5DC-9D1064736A2C}.Release|Any CPU.Build.0 = Release|Any CPU
		{CC48D78C-5414-4B20-9454-2382828D3D79}.Debug|Any CPU.ActiveCfg = Debug|Any CPU
		{CC48D78C-5414-4B20-9454-2382828D3D79}.Debug|Any CPU.Build.0 = Debug|Any CPU
		{CC48D78C-5414-4B20-9454-2382828D3D79}.Release|Any CPU.ActiveCfg = Release|Any CPU
		{CC48D78C-5414-4B20-9454-2382828D3D79}.Release|Any CPU.Build.0 = Release|Any CPU
		{F8535235-8425-4A31-883B-78D65A3197BB}.Debug|Any CPU.ActiveCfg = Debug|Any CPU
		{F8535235-8425-4A31-883B-78D65A3197BB}.Debug|Any CPU.Build.0 = Debug|Any CPU
		{F8535235-8425-4A31-883B-78D65A3197BB}.Release|Any CPU.ActiveCfg = Release|Any CPU
		{F8535235-8425-4A31-883B-78D65A3197BB}.Release|Any CPU.Build.0 = Release|Any CPU
		{FC3905AC-A857-4D6C-B2D1-CB2B09AE948A}.Debug|Any CPU.ActiveCfg = Debug|Any CPU
		{FC3905AC-A857-4D6C-B2D1-CB2B09AE948A}.Debug|Any CPU.Build.0 = Debug|Any CPU
		{FC3905AC-A857-4D6C-B2D1-CB2B09AE948A}.Release|Any CPU.ActiveCfg = Release|Any CPU
		{FC3905AC-A857-4D6C-B2D1-CB2B09AE948A}.Release|Any CPU.Build.0 = Release|Any CPU
		{896CC7DB-67DC-41C4-A94E-EA452A1016DB}.Debug|Any CPU.ActiveCfg = Debug|Any CPU
		{896CC7DB-67DC-41C4-A94E-EA452A1016DB}.Debug|Any CPU.Build.0 = Debug|Any CPU
		{896CC7DB-67DC-41C4-A94E-EA452A1016DB}.Release|Any CPU.ActiveCfg = Release|Any CPU
		{896CC7DB-67DC-41C4-A94E-EA452A1016DB}.Release|Any CPU.Build.0 = Release|Any CPU
	EndGlobalSection
	GlobalSection(SolutionProperties) = preSolution
		HideSolutionNode = FALSE
	EndGlobalSection
	GlobalSection(ExtensibilityGlobals) = postSolution
		SolutionGuid = {73EACD2E-000D-4F83-8A07-88282F0C3540}
	EndGlobalSection
EndGlobal
