
Microsoft Visual Studio Solution File, Format Version 12.00
# Visual Studio Version 16
VisualStudioVersion = 16.0.30907.101
MinimumVisualStudioVersion = 10.0.40219.1
Project("{9A19103F-16F7-4668-BE54-9A1E7A4F7556}") = "BlueOrigin", "BlueOrgin\BlueOrigin.csproj", "{49F77327-31C8-4A40-A201-60BC7ABD9A19}"
EndProject
Project("{9A19103F-16F7-4668-BE54-9A1E7A4F7556}") = "BlueOrigin.Test", "BlueOrigin.Test\BlueOrigin.Test.csproj", "{D00147C7-1D0B-46F0-B272-932626FA17CC}"
EndProject
Global
	GlobalSection(SolutionConfigurationPlatforms) = preSolution
		Debug|Any CPU = Debug|Any CPU
		Release|Any CPU = Release|Any CPU
	EndGlobalSection
	GlobalSection(ProjectConfigurationPlatforms) = postSolution
		{49F77327-31C8-4A40-A201-60BC7ABD9A19}.Debug|Any CPU.ActiveCfg = Debug|Any CPU
		{49F77327-31C8-4A40-A201-60BC7ABD9A19}.Debug|Any CPU.Build.0 = Debug|Any CPU
		{49F77327-31C8-4A40-A201-60BC7ABD9A19}.Release|Any CPU.ActiveCfg = Release|Any CPU
		{49F77327-31C8-4A40-A201-60BC7ABD9A19}.Release|Any CPU.Build.0 = Release|Any CPU
		{D00147C7-1D0B-46F0-B272-932626FA17CC}.Debug|Any CPU.ActiveCfg = Debug|Any CPU
		{D00147C7-1D0B-46F0-B272-932626FA17CC}.Debug|Any CPU.Build.0 = Debug|Any CPU
		{D00147C7-1D0B-46F0-B272-932626FA17CC}.Release|Any CPU.ActiveCfg = Release|Any CPU
		{D00147C7-1D0B-46F0-B272-932626FA17CC}.Release|Any CPU.Build.0 = Release|Any CPU
	EndGlobalSection
	GlobalSection(SolutionProperties) = preSolution
		HideSolutionNode = FALSE
	EndGlobalSection
	GlobalSection(ExtensibilityGlobals) = postSolution
		SolutionGuid = {F5F6A2FD-8108-4865-A9E9-C81448A03D73}
	EndGlobalSection
EndGlobal
