
Microsoft Visual Studio Solution File, Format Version 12.00
# Visual Studio Version 16
VisualStudioVersion = 16.0.31112.23
MinimumVisualStudioVersion = 10.0.40219.1
Project("{9A19103F-16F7-4668-BE54-9A1E7A4F7556}") = "Telecom", "Telecom\Telecom.csproj", "{F48CC65B-04D8-4EC0-8887-B833884B6BA0}"
EndProject
Project("{FAE04EC0-301F-11D3-BF4B-00C04F79EFBC}") = "Telecom.Tests", "Telecom.Tests\Telecom.Tests.csproj", "{374A487A-C877-4B3F-97C1-101C18AE4275}"
EndProject
Global
	GlobalSection(SolutionConfigurationPlatforms) = preSolution
		Debug|Any CPU = Debug|Any CPU
		Release|Any CPU = Release|Any CPU
	EndGlobalSection
	GlobalSection(ProjectConfigurationPlatforms) = postSolution
		{F48CC65B-04D8-4EC0-8887-B833884B6BA0}.Debug|Any CPU.ActiveCfg = Debug|Any CPU
		{F48CC65B-04D8-4EC0-8887-B833884B6BA0}.Debug|Any CPU.Build.0 = Debug|Any CPU
		{F48CC65B-04D8-4EC0-8887-B833884B6BA0}.Release|Any CPU.ActiveCfg = Release|Any CPU
		{F48CC65B-04D8-4EC0-8887-B833884B6BA0}.Release|Any CPU.Build.0 = Release|Any CPU
		{374A487A-C877-4B3F-97C1-101C18AE4275}.Debug|Any CPU.ActiveCfg = Debug|Any CPU
		{374A487A-C877-4B3F-97C1-101C18AE4275}.Debug|Any CPU.Build.0 = Debug|Any CPU
		{374A487A-C877-4B3F-97C1-101C18AE4275}.Release|Any CPU.ActiveCfg = Release|Any CPU
		{374A487A-C877-4B3F-97C1-101C18AE4275}.Release|Any CPU.Build.0 = Release|Any CPU
	EndGlobalSection
	GlobalSection(SolutionProperties) = preSolution
		HideSolutionNode = FALSE
	EndGlobalSection
	GlobalSection(ExtensibilityGlobals) = postSolution
		SolutionGuid = {FDB38EAF-F154-4795-BE8D-8EDAAE7B847F}
	EndGlobalSection
EndGlobal
