
Microsoft Visual Studio Solution File, Format Version 12.00
# Visual Studio Version 16
VisualStudioVersion = 16.0.31112.23
MinimumVisualStudioVersion = 10.0.40219.1
Project("{9A19103F-16F7-4668-BE54-9A1E7A4F7556}") = "Presents", "Presents\Presents.csproj", "{C40D3EED-AC8D-4F68-A4D3-B5D9D49CD461}"
EndProject
Project("{FAE04EC0-301F-11D3-BF4B-00C04F79EFBC}") = "Presents.Tests", "Present.Tests\Presents.Tests.csproj", "{47729CCF-E005-4950-8B91-411204EEFF76}"
EndProject
Global
	GlobalSection(SolutionConfigurationPlatforms) = preSolution
		Debug|Any CPU = Debug|Any CPU
		Release|Any CPU = Release|Any CPU
	EndGlobalSection
	GlobalSection(ProjectConfigurationPlatforms) = postSolution
		{C40D3EED-AC8D-4F68-A4D3-B5D9D49CD461}.Debug|Any CPU.ActiveCfg = Debug|Any CPU
		{C40D3EED-AC8D-4F68-A4D3-B5D9D49CD461}.Debug|Any CPU.Build.0 = Debug|Any CPU
		{C40D3EED-AC8D-4F68-A4D3-B5D9D49CD461}.Release|Any CPU.ActiveCfg = Release|Any CPU
		{C40D3EED-AC8D-4F68-A4D3-B5D9D49CD461}.Release|Any CPU.Build.0 = Release|Any CPU
		{47729CCF-E005-4950-8B91-411204EEFF76}.Debug|Any CPU.ActiveCfg = Debug|Any CPU
		{47729CCF-E005-4950-8B91-411204EEFF76}.Debug|Any CPU.Build.0 = Debug|Any CPU
		{47729CCF-E005-4950-8B91-411204EEFF76}.Release|Any CPU.ActiveCfg = Release|Any CPU
		{47729CCF-E005-4950-8B91-411204EEFF76}.Release|Any CPU.Build.0 = Release|Any CPU
	EndGlobalSection
	GlobalSection(SolutionProperties) = preSolution
		HideSolutionNode = FALSE
	EndGlobalSection
	GlobalSection(ExtensibilityGlobals) = postSolution
		SolutionGuid = {6B219DFE-AE22-442E-8638-FF6E06801989}
	EndGlobalSection
EndGlobal
