
Microsoft Visual Studio Solution File, Format Version 12.00
# Visual Studio Version 16
VisualStudioVersion = 16.0.30907.101
MinimumVisualStudioVersion = 10.0.40219.1
Project("{9A19103F-16F7-4668-BE54-9A1E7A4F7556}") = "01.TrojanInvasion", "01.TrojanInvasion\01.TrojanInvasion.csproj", "{947CD72B-62E5-43C8-9102-7AF5AE340C07}"
EndProject
Project("{FAE04EC0-301F-11D3-BF4B-00C04F79EFBC}") = "02.HelensAbduction", "02.HelensAbduction\02.HelensAbduction.csproj", "{EDFCCF6D-2201-4E5A-86B5-F6BDF655AC6D}"
EndProject
Global
	GlobalSection(SolutionConfigurationPlatforms) = preSolution
		Debug|Any CPU = Debug|Any CPU
		Release|Any CPU = Release|Any CPU
	EndGlobalSection
	GlobalSection(ProjectConfigurationPlatforms) = postSolution
		{947CD72B-62E5-43C8-9102-7AF5AE340C07}.Debug|Any CPU.ActiveCfg = Debug|Any CPU
		{947CD72B-62E5-43C8-9102-7AF5AE340C07}.Debug|Any CPU.Build.0 = Debug|Any CPU
		{947CD72B-62E5-43C8-9102-7AF5AE340C07}.Release|Any CPU.ActiveCfg = Release|Any CPU
		{947CD72B-62E5-43C8-9102-7AF5AE340C07}.Release|Any CPU.Build.0 = Release|Any CPU
		{EDFCCF6D-2201-4E5A-86B5-F6BDF655AC6D}.Debug|Any CPU.ActiveCfg = Debug|Any CPU
		{EDFCCF6D-2201-4E5A-86B5-F6BDF655AC6D}.Debug|Any CPU.Build.0 = Debug|Any CPU
		{EDFCCF6D-2201-4E5A-86B5-F6BDF655AC6D}.Release|Any CPU.ActiveCfg = Release|Any CPU
		{EDFCCF6D-2201-4E5A-86B5-F6BDF655AC6D}.Release|Any CPU.Build.0 = Release|Any CPU
	EndGlobalSection
	GlobalSection(SolutionProperties) = preSolution
		HideSolutionNode = FALSE
	EndGlobalSection
	GlobalSection(ExtensibilityGlobals) = postSolution
		SolutionGuid = {368A4CA3-9553-4080-B608-11EE0191ADB0}
	EndGlobalSection
EndGlobal
