
Microsoft Visual Studio Solution File, Format Version 12.00
# Visual Studio Version 16
VisualStudioVersion = 16.0.31112.23
MinimumVisualStudioVersion = 10.0.40219.1
Project("{9A19103F-16F7-4668-BE54-9A1E7A4F7556}") = "Aquariums", "Aquariums\Aquariums.csproj", "{5D9E6ADA-2FFB-481F-B52D-1D492FD9887F}"
EndProject
Project("{FAE04EC0-301F-11D3-BF4B-00C04F79EFBC}") = "Aquariums.Tests", "Aquarium.Tests\Aquariums.Tests.csproj", "{01FDDCF1-E7ED-40BB-8B5F-DF1EFCEC32D4}"
EndProject
Global
	GlobalSection(SolutionConfigurationPlatforms) = preSolution
		Debug|Any CPU = Debug|Any CPU
		Release|Any CPU = Release|Any CPU
	EndGlobalSection
	GlobalSection(ProjectConfigurationPlatforms) = postSolution
		{5D9E6ADA-2FFB-481F-B52D-1D492FD9887F}.Debug|Any CPU.ActiveCfg = Debug|Any CPU
		{5D9E6ADA-2FFB-481F-B52D-1D492FD9887F}.Debug|Any CPU.Build.0 = Debug|Any CPU
		{5D9E6ADA-2FFB-481F-B52D-1D492FD9887F}.Release|Any CPU.ActiveCfg = Release|Any CPU
		{5D9E6ADA-2FFB-481F-B52D-1D492FD9887F}.Release|Any CPU.Build.0 = Release|Any CPU
		{01FDDCF1-E7ED-40BB-8B5F-DF1EFCEC32D4}.Debug|Any CPU.ActiveCfg = Debug|Any CPU
		{01FDDCF1-E7ED-40BB-8B5F-DF1EFCEC32D4}.Debug|Any CPU.Build.0 = Debug|Any CPU
		{01FDDCF1-E7ED-40BB-8B5F-DF1EFCEC32D4}.Release|Any CPU.ActiveCfg = Release|Any CPU
		{01FDDCF1-E7ED-40BB-8B5F-DF1EFCEC32D4}.Release|Any CPU.Build.0 = Release|Any CPU
	EndGlobalSection
	GlobalSection(SolutionProperties) = preSolution
		HideSolutionNode = FALSE
	EndGlobalSection
	GlobalSection(ExtensibilityGlobals) = postSolution
		SolutionGuid = {35FFFE6B-036D-49F1-9987-AA4C296195FB}
	EndGlobalSection
EndGlobal
