
Microsoft Visual Studio Solution File, Format Version 12.00
# Visual Studio Version 16
VisualStudioVersion = 16.0.30907.101
MinimumVisualStudioVersion = 10.0.40219.1
Project("{9A19103F-16F7-4668-BE54-9A1E7A4F7556}") = "01.TheGardenProblem", "01.TheGardenProblem\01.TheGardenProblem.csproj", "{6C22556B-EFBA-4F1C-B5BA-2B852063EC4A}"
EndProject
Project("{FAE04EC0-301F-11D3-BF4B-00C04F79EFBC}") = "02.MakeASalad", "02.MakeASalad\02.MakeASalad.csproj", "{84DB13B1-9973-43B3-B79C-0A19B306ACD4}"
EndProject
Global
	GlobalSection(SolutionConfigurationPlatforms) = preSolution
		Debug|Any CPU = Debug|Any CPU
		Release|Any CPU = Release|Any CPU
	EndGlobalSection
	GlobalSection(ProjectConfigurationPlatforms) = postSolution
		{6C22556B-EFBA-4F1C-B5BA-2B852063EC4A}.Debug|Any CPU.ActiveCfg = Debug|Any CPU
		{6C22556B-EFBA-4F1C-B5BA-2B852063EC4A}.Debug|Any CPU.Build.0 = Debug|Any CPU
		{6C22556B-EFBA-4F1C-B5BA-2B852063EC4A}.Release|Any CPU.ActiveCfg = Release|Any CPU
		{6C22556B-EFBA-4F1C-B5BA-2B852063EC4A}.Release|Any CPU.Build.0 = Release|Any CPU
		{84DB13B1-9973-43B3-B79C-0A19B306ACD4}.Debug|Any CPU.ActiveCfg = Debug|Any CPU
		{84DB13B1-9973-43B3-B79C-0A19B306ACD4}.Debug|Any CPU.Build.0 = Debug|Any CPU
		{84DB13B1-9973-43B3-B79C-0A19B306ACD4}.Release|Any CPU.ActiveCfg = Release|Any CPU
		{84DB13B1-9973-43B3-B79C-0A19B306ACD4}.Release|Any CPU.Build.0 = Release|Any CPU
	EndGlobalSection
	GlobalSection(SolutionProperties) = preSolution
		HideSolutionNode = FALSE
	EndGlobalSection
	GlobalSection(ExtensibilityGlobals) = postSolution
		SolutionGuid = {999A8D55-514B-4294-9C21-4F4CB9CB3B6F}
	EndGlobalSection
EndGlobal
