
Microsoft Visual Studio Solution File, Format Version 12.00
# Visual Studio Version 16
VisualStudioVersion = 16.0.30717.126
MinimumVisualStudioVersion = 10.0.40219.1
Project("{FAE04EC0-301F-11D3-BF4B-00C04F79EFBC}") = "01. Recursive Array Sum", "01. Recursive Array Sum\01. Recursive Array Sum.csproj", "{2B613CDD-206D-43A7-A489-B3EDFA76B619}"
EndProject
Project("{FAE04EC0-301F-11D3-BF4B-00C04F79EFBC}") = "02. Recursive Factorial", "02. Recursive Factorial\02. Recursive Factorial.csproj", "{7397437A-6E1D-407D-9558-894CE3DF900B}"
EndProject
Project("{FAE04EC0-301F-11D3-BF4B-00C04F79EFBC}") = "03. Array Manipulator", "03. Sum of Coins\03. Array Manipulator.csproj", "{2840DE32-2614-44A0-967A-B200855C3260}"
EndProject
Global
	GlobalSection(SolutionConfigurationPlatforms) = preSolution
		Debug|Any CPU = Debug|Any CPU
		Release|Any CPU = Release|Any CPU
	EndGlobalSection
	GlobalSection(ProjectConfigurationPlatforms) = postSolution
		{2B613CDD-206D-43A7-A489-B3EDFA76B619}.Debug|Any CPU.ActiveCfg = Debug|Any CPU
		{2B613CDD-206D-43A7-A489-B3EDFA76B619}.Debug|Any CPU.Build.0 = Debug|Any CPU
		{2B613CDD-206D-43A7-A489-B3EDFA76B619}.Release|Any CPU.ActiveCfg = Release|Any CPU
		{2B613CDD-206D-43A7-A489-B3EDFA76B619}.Release|Any CPU.Build.0 = Release|Any CPU
		{7397437A-6E1D-407D-9558-894CE3DF900B}.Debug|Any CPU.ActiveCfg = Debug|Any CPU
		{7397437A-6E1D-407D-9558-894CE3DF900B}.Debug|Any CPU.Build.0 = Debug|Any CPU
		{7397437A-6E1D-407D-9558-894CE3DF900B}.Release|Any CPU.ActiveCfg = Release|Any CPU
		{7397437A-6E1D-407D-9558-894CE3DF900B}.Release|Any CPU.Build.0 = Release|Any CPU
		{2840DE32-2614-44A0-967A-B200855C3260}.Debug|Any CPU.ActiveCfg = Debug|Any CPU
		{2840DE32-2614-44A0-967A-B200855C3260}.Debug|Any CPU.Build.0 = Debug|Any CPU
		{2840DE32-2614-44A0-967A-B200855C3260}.Release|Any CPU.ActiveCfg = Release|Any CPU
		{2840DE32-2614-44A0-967A-B200855C3260}.Release|Any CPU.Build.0 = Release|Any CPU
	EndGlobalSection
	GlobalSection(SolutionProperties) = preSolution
		HideSolutionNode = FALSE
	EndGlobalSection
	GlobalSection(ExtensibilityGlobals) = postSolution
		SolutionGuid = {3C567F17-D4CE-4709-AFA0-2549F80BDC6D}
	EndGlobalSection
EndGlobal
