
Microsoft Visual Studio Solution File, Format Version 12.00
# Visual Studio Version 16
VisualStudioVersion = 16.0.30611.23
MinimumVisualStudioVersion = 10.0.40219.1
Project("{FAE04EC0-301F-11D3-BF4B-00C04F79EFBC}") = "BoxOfT", "BoxOfT\BoxOfT.csproj", "{1190B140-ECB3-4CAC-9C78-799225291344}"
EndProject
Project("{FAE04EC0-301F-11D3-BF4B-00C04F79EFBC}") = "GenericArrayCreator", "GenericArrayCreator\GenericArrayCreator.csproj", "{67CCAFA5-C783-4DB7-B1AE-868518C98C2F}"
EndProject
Project("{FAE04EC0-301F-11D3-BF4B-00C04F79EFBC}") = "GenericScale", "GenericScale\GenericScale.csproj", "{AF5EAEE7-6F7C-4508-9CEC-570A6EAD0752}"
EndProject
Global
	GlobalSection(SolutionConfigurationPlatforms) = preSolution
		Debug|Any CPU = Debug|Any CPU
		Release|Any CPU = Release|Any CPU
	EndGlobalSection
	GlobalSection(ProjectConfigurationPlatforms) = postSolution
		{1190B140-ECB3-4CAC-9C78-799225291344}.Debug|Any CPU.ActiveCfg = Debug|Any CPU
		{1190B140-ECB3-4CAC-9C78-799225291344}.Debug|Any CPU.Build.0 = Debug|Any CPU
		{1190B140-ECB3-4CAC-9C78-799225291344}.Release|Any CPU.ActiveCfg = Release|Any CPU
		{1190B140-ECB3-4CAC-9C78-799225291344}.Release|Any CPU.Build.0 = Release|Any CPU
		{67CCAFA5-C783-4DB7-B1AE-868518C98C2F}.Debug|Any CPU.ActiveCfg = Debug|Any CPU
		{67CCAFA5-C783-4DB7-B1AE-868518C98C2F}.Debug|Any CPU.Build.0 = Debug|Any CPU
		{67CCAFA5-C783-4DB7-B1AE-868518C98C2F}.Release|Any CPU.ActiveCfg = Release|Any CPU
		{67CCAFA5-C783-4DB7-B1AE-868518C98C2F}.Release|Any CPU.Build.0 = Release|Any CPU
		{AF5EAEE7-6F7C-4508-9CEC-570A6EAD0752}.Debug|Any CPU.ActiveCfg = Debug|Any CPU
		{AF5EAEE7-6F7C-4508-9CEC-570A6EAD0752}.Debug|Any CPU.Build.0 = Debug|Any CPU
		{AF5EAEE7-6F7C-4508-9CEC-570A6EAD0752}.Release|Any CPU.ActiveCfg = Release|Any CPU
		{AF5EAEE7-6F7C-4508-9CEC-570A6EAD0752}.Release|Any CPU.Build.0 = Release|Any CPU
	EndGlobalSection
	GlobalSection(SolutionProperties) = preSolution
		HideSolutionNode = FALSE
	EndGlobalSection
	GlobalSection(ExtensibilityGlobals) = postSolution
		SolutionGuid = {A571762C-E89F-4827-8939-438D36B1FE47}
	EndGlobalSection
EndGlobal
